// !$*UTF8*$!
{
	archiveVersion = 1;
	classes = {
	};
	objectVersion = 46;
	objects = {

/* Begin PBXBuildFile section */
		4EF8EB791CFD69A30058AE2A /* main.m in Sources */ = {isa = PBXBuildFile; fileRef = 4EF8EB781CFD69A30058AE2A /* main.m */; };
		4EF8EB7C1CFD69A30058AE2A /* AppDelegate.m in Sources */ = {isa = PBXBuildFile; fileRef = 4EF8EB7B1CFD69A30058AE2A /* AppDelegate.m */; };
		4EF8EB841CFD69A30058AE2A /* Assets.xcassets in Resources */ = {isa = PBXBuildFile; fileRef = 4EF8EB831CFD69A30058AE2A /* Assets.xcassets */; };
		4EF8EB871CFD69A30058AE2A /* LaunchScreen.storyboard in Resources */ = {isa = PBXBuildFile; fileRef = 4EF8EB851CFD69A30058AE2A /* LaunchScreen.storyboard */; };
		4EF8EB901CFD69E40058AE2A /* KBTabbarController.m in Sources */ = {isa = PBXBuildFile; fileRef = 4EF8EB8F1CFD69E40058AE2A /* KBTabbarController.m */; };
		4EF8EB951CFD6AE80058AE2A /* KBTabbar.m in Sources */ = {isa = PBXBuildFile; fileRef = 4EF8EB941CFD6AE80058AE2A /* KBTabbar.m */; };
		4EF8EB981CFD6B1C0058AE2A /* OneViewController.m in Sources */ = {isa = PBXBuildFile; fileRef = 4EF8EB971CFD6B1C0058AE2A /* OneViewController.m */; };
		4EF8EB9B1CFD6B280058AE2A /* TwoViewController.m in Sources */ = {isa = PBXBuildFile; fileRef = 4EF8EB9A1CFD6B280058AE2A /* TwoViewController.m */; };
		4EF8EB9E1CFD6B3A0058AE2A /* ThreeViewController.m in Sources */ = {isa = PBXBuildFile; fileRef = 4EF8EB9D1CFD6B3A0058AE2A /* ThreeViewController.m */; };
		4EF8EBA11CFD6B450058AE2A /* FourViewController.m in Sources */ = {isa = PBXBuildFile; fileRef = 4EF8EBA01CFD6B450058AE2A /* FourViewController.m */; };
/* End PBXBuildFile section */

/* Begin PBXFileReference section */
		4EF8EB741CFD69A30058AE2A /* KBTabbarController.app */ = {isa = PBXFileReference; explicitFileType = wrapper.application; includeInIndex = 0; path = KBTabbarController.app; sourceTree = BUILT_PRODUCTS_DIR; };
		4EF8EB781CFD69A30058AE2A /* main.m */ = {isa = PBXFileReference; lastKnownFileType = sourcecode.c.objc; path = main.m; sourceTree = "<group>"; };
		4EF8EB7A1CFD69A30058AE2A /* AppDelegate.h */ = {isa = PBXFileReference; lastKnownFileType = sourcecode.c.h; path = AppDelegate.h; sourceTree = "<group>"; };
		4EF8EB7B1CFD69A30058AE2A /* AppDelegate.m */ = {isa = PBXFileReference; lastKnownFileType = sourcecode.c.objc; path = AppDelegate.m; sourceTree = "<group>"; };
		4EF8EB831CFD69A30058AE2A /* Assets.xcassets */ = {isa = PBXFileReference; lastKnownFileType = folder.assetcatalog; path = Assets.xcassets; sourceTree = "<group>"; };
		4EF8EB861CFD69A30058AE2A /* Base */ = {isa = PBXFileReference; lastKnownFileType = file.storyboard; name = Base; path = Base.lproj/LaunchScreen.storyboard; sourceTree = "<group>"; };
		4EF8EB881CFD69A30058AE2A /* Info.plist */ = {isa = PBXFileReference; lastKnownFileType = text.plist.xml; path = Info.plist; sourceTree = "<group>"; };
		4EF8EB8E1CFD69E40058AE2A /* KBTabbarController.h */ = {isa = PBXFileReference; fileEncoding = 4; lastKnownFileType = sourcecode.c.h; name = KBTabbarController.h; path = ../KBTabbarController.h; sourceTree = "<group>"; };
		4EF8EB8F1CFD69E40058AE2A /* KBTabbarController.m */ = {isa = PBXFileReference; fileEncoding = 4; lastKnownFileType = sourcecode.c.objc; name = KBTabbarController.m; path = ../KBTabbarController.m; sourceTree = "<group>"; };
		4EF8EB931CFD6AE80058AE2A /* KBTabbar.h */ = {isa = PBXFileReference; fileEncoding = 4; lastKnownFileType = sourcecode.c.h; path = KBTabbar.h; sourceTree = "<group>"; };
		4EF8EB941CFD6AE80058AE2A /* KBTabbar.m */ = {isa = PBXFileReference; fileEncoding = 4; lastKnownFileType = sourcecode.c.objc; path = KBTabbar.m; sourceTree = "<group>"; };
		4EF8EB961CFD6B1C0058AE2A /* OneViewController.h */ = {isa = PBXFileReference; fileEncoding = 4; lastKnownFileType = sourcecode.c.h; name = OneViewController.h; path = ../OneViewController.h; sourceTree = "<group>"; };
		4EF8EB971CFD6B1C0058AE2A /* OneViewController.m */ = {isa = PBXFileReference; fileEncoding = 4; lastKnownFileType = sourcecode.c.objc; name = OneViewController.m; path = ../OneViewController.m; sourceTree = "<group>"; };
		4EF8EB991CFD6B280058AE2A /* TwoViewController.h */ = {isa = PBXFileReference; fileEncoding = 4; lastKnownFileType = sourcecode.c.h; name = TwoViewController.h; path = ../TwoViewController.h; sourceTree = "<group>"; };
		4EF8EB9A1CFD6B280058AE2A /* TwoViewController.m */ = {isa = PBXFileReference; fileEncoding = 4; lastKnownFileType = sourcecode.c.objc; name = TwoViewController.m; path = ../TwoViewController.m; sourceTree = "<group>"; };
		4EF8EB9C1CFD6B3A0058AE2A /* ThreeViewController.h */ = {isa = PBXFileReference; fileEncoding = 4; lastKnownFileType = sourcecode.c.h; name = ThreeViewController.h; path = ../ThreeViewController.h; sourceTree = "<group>"; };
		4EF8EB9D1CFD6B3A0058AE2A /* ThreeViewController.m */ = {isa = PBXFileReference; fileEncoding = 4; lastKnownFileType = sourcecode.c.objc; name = ThreeViewController.m; path = ../ThreeViewController.m; sourceTree = "<group>"; };
		4EF8EB9F1CFD6B450058AE2A /* FourViewController.h */ = {isa = PBXFileReference; fileEncoding = 4; lastKnownFileType = sourcecode.c.h; name = FourViewController.h; path = ../FourViewController.h; sourceTree = "<group>"; };
		4EF8EBA01CFD6B450058AE2A /* FourViewController.m */ = {isa = PBXFileReference; fileEncoding = 4; lastKnownFileType = sourcecode.c.objc; name = FourViewController.m; path = ../FourViewController.m; sourceTree = "<group>"; };
/* End PBXFileReference section */

/* Begin PBXFrameworksBuildPhase section */
		4EF8EB711CFD69A30058AE2A /* Frameworks */ = {
			isa = PBXFrameworksBuildPhase;
			buildActionMask = 2147483647;
			files = (
			);
			runOnlyForDeploymentPostprocessing = 0;
		};
/* End PBXFrameworksBuildPhase section */

/* Begin PBXGroup section */
		4EF8EB6B1CFD69A20058AE2A = {
			isa = PBXGroup;
			children = (
				4EF8EB761CFD69A30058AE2A /* KBTabbarController */,
				4EF8EB751CFD69A30058AE2A /* Products */,
			);
			sourceTree = "<group>";
		};
		4EF8EB751CFD69A30058AE2A /* Products */ = {
			isa = PBXGroup;
			children = (
				4EF8EB741CFD69A30058AE2A /* KBTabbarController.app */,
			);
			name = Products;
			sourceTree = "<group>";
		};
		4EF8EB761CFD69A30058AE2A /* KBTabbarController */ = {
			isa = PBXGroup;
			children = (
				4EF8EB921CFD6ACA0058AE2A /* Lib */,
				4EF8EB911CFD6AC10058AE2A /* Controller */,
				4EF8EB7A1CFD69A30058AE2A /* AppDelegate.h */,
				4EF8EB7B1CFD69A30058AE2A /* AppDelegate.m */,
				4EF8EB831CFD69A30058AE2A /* Assets.xcassets */,
				4EF8EB851CFD69A30058AE2A /* LaunchScreen.storyboard */,
				4EF8EB881CFD69A30058AE2A /* Info.plist */,
				4EF8EB771CFD69A30058AE2A /* Supporting Files */,
			);
			path = KBTabbarController;
			sourceTree = "<group>";
		};
		4EF8EB771CFD69A30058AE2A /* Supporting Files */ = {
			isa = PBXGroup;
			children = (
				4EF8EB781CFD69A30058AE2A /* main.m */,
			);
			name = "Supporting Files";
			sourceTree = "<group>";
		};
		4EF8EB911CFD6AC10058AE2A /* Controller */ = {
			isa = PBXGroup;
			children = (
				4EF8EB961CFD6B1C0058AE2A /* OneViewController.h */,
				4EF8EB971CFD6B1C0058AE2A /* OneViewController.m */,
				4EF8EB991CFD6B280058AE2A /* TwoViewController.h */,
				4EF8EB9A1CFD6B280058AE2A /* TwoViewController.m */,
				4EF8EB9C1CFD6B3A0058AE2A /* ThreeViewController.h */,
				4EF8EB9D1CFD6B3A0058AE2A /* ThreeViewController.m */,
				4EF8EB9F1CFD6B450058AE2A /* FourViewController.h */,
				4EF8EBA01CFD6B450058AE2A /* FourViewController.m */,
			);
			path = Controller;
			sourceTree = "<group>";
		};
		4EF8EB921CFD6ACA0058AE2A /* Lib */ = {
			isa = PBXGroup;
			children = (
				4EF8EB8E1CFD69E40058AE2A /* KBTabbarController.h */,
				4EF8EB8F1CFD69E40058AE2A /* KBTabbarController.m */,
				4EF8EB931CFD6AE80058AE2A /* KBTabbar.h */,
				4EF8EB941CFD6AE80058AE2A /* KBTabbar.m */,
			);
			path = Lib;
			sourceTree = "<group>";
		};
/* End PBXGroup section */

/* Begin PBXNativeTarget section */
		4EF8EB731CFD69A30058AE2A /* KBTabbarController */ = {
			isa = PBXNativeTarget;
			buildConfigurationList = 4EF8EB8B1CFD69A30058AE2A /* Build configuration list for PBXNativeTarget "KBTabbarController" */;
			buildPhases = (
				4EF8EB701CFD69A30058AE2A /* Sources */,
				4EF8EB711CFD69A30058AE2A /* Frameworks */,
				4EF8EB721CFD69A30058AE2A /* Resources */,
			);
			buildRules = (
			);
			dependencies = (
			);
			name = KBTabbarController;
			productName = KBTabbarController;
			productReference = 4EF8EB741CFD69A30058AE2A /* KBTabbarController.app */;
			productType = "com.apple.product-type.application";
		};
/* End PBXNativeTarget section */

/* Begin PBXProject section */
		4EF8EB6C1CFD69A20058AE2A /* Project object */ = {
			isa = PBXProject;
			attributes = {
				LastUpgradeCheck = 0730;
				ORGANIZATIONNAME = kangbing;
				TargetAttributes = {
					4EF8EB731CFD69A30058AE2A = {
						CreatedOnToolsVersion = 7.3;
					};
				};
			};
			buildConfigurationList = 4EF8EB6F1CFD69A20058AE2A /* Build configuration list for PBXProject "KBTabbarController" */;
			compatibilityVersion = "Xcode 3.2";
			developmentRegion = English;
			hasScannedForEncodings = 0;
			knownRegions = (
				en,
				Base,
			);
			mainGroup = 4EF8EB6B1CFD69A20058AE2A;
			productRefGroup = 4EF8EB751CFD69A30058AE2A /* Products */;
			projectDirPath = "";
			projectRoot = "";
			targets = (
				4EF8EB731CFD69A30058AE2A /* KBTabbarController */,
			);
		};
/* End PBXProject section */

/* Begin PBXResourcesBuildPhase section */
		4EF8EB721CFD69A30058AE2A /* Resources */ = {
			isa = PBXResourcesBuildPhase;
			buildActionMask = 2147483647;
			files = (
				4EF8EB871CFD69A30058AE2A /* LaunchScreen.storyboard in Resources */,
				4EF8EB841CFD69A30058AE2A /* Assets.xcassets in Resources */,
			);
			runOnlyForDeploymentPostprocessing = 0;
		};
/* End PBXResourcesBuildPhase section */

/* Begin PBXSourcesBuildPhase section */
		4EF8EB701CFD69A30058AE2A /* Sources */ = {
			isa = PBXSourcesBuildPhase;
			buildActionMask = 2147483647;
			files = (
				4EF8EB901CFD69E40058AE2A /* KBTabbarController.m in Sources */,
				4EF8EB9E1CFD6B3A0058AE2A /* ThreeViewController.m in Sources */,
				4EF8EBA11CFD6B450058AE2A /* FourViewController.m in Sources */,
				4EF8EB981CFD6B1C0058AE2A /* OneViewController.m in Sources */,
				4EF8EB7C1CFD69A30058AE2A /* AppDelegate.m in Sources */,
				4EF8EB9B1CFD6B280058AE2A /* TwoViewController.m in Sources */,
				4EF8EB951CFD6AE80058AE2A /* KBTabbar.m in Sources */,
				4EF8EB791CFD69A30058AE2A /* main.m in Sources */,
			);
			runOnlyForDeploymentPostprocessing = 0;
		};
/* End PBXSourcesBuildPhase section */

/* Begin PBXVariantGroup section */
		4EF8EB851CFD69A30058AE2A /* LaunchScreen.storyboard */ = {
			isa = PBXVariantGroup;
			children = (
				4EF8EB861CFD69A30058AE2A /* Base */,
			);
			name = LaunchScreen.storyboard;
			sourceTree = "<group>";
		};
/* End PBXVariantGroup section */

/* Begin XCBuildConfiguration section */
		4EF8EB891CFD69A30058AE2A /* Debug */ = {
			isa = XCBuildConfiguration;
			buildSettings = {
				ALWAYS_SEARCH_USER_PATHS = NO;
				CLANG_ANALYZER_NONNULL = YES;
				CLANG_CXX_LANGUAGE_STANDARD = "gnu++0x";
				CLANG_CXX_LIBRARY = "libc++";
				CLANG_ENABLE_MODULES = YES;
				CLANG_ENABLE_OBJC_ARC = YES;
				CLANG_WARN_BOOL_CONVERSION = YES;
				CLANG_WARN_CONSTANT_CONVERSION = YES;
				CLANG_WARN_DIRECT_OBJC_ISA_USAGE = YES_ERROR;
				CLANG_WARN_EMPTY_BODY = YES;
				CLANG_WARN_ENUM_CONVERSION = YES;
				CLANG_WARN_INT_CONVERSION = YES;
				CLANG_WARN_OBJC_ROOT_CLASS = YES_ERROR;
				CLANG_WARN_UNREACHABLE_CODE = YES;
				CLANG_WARN__DUPLICATE_METHOD_MATCH = YES;
				"CODE_SIGN_IDENTITY[sdk=iphoneos*]" = "iPhone Developer";
				COPY_PHASE_STRIP = NO;
				DEBUG_INFORMATION_FORMAT = dwarf;
				ENABLE_STRICT_OBJC_MSGSEND = YES;
				ENABLE_TESTABILITY = YES;
				GCC_C_LANGUAGE_STANDARD = gnu99;
				GCC_DYNAMIC_NO_PIC = NO;
				GCC_NO_COMMON_BLOCKS = YES;
				GCC_OPTIMIZATION_LEVEL = 0;
				GCC_PREPROCESSOR_DEFINITIONS = (
					"DEBUG=1",
					"$(inherited)",
				);
				GCC_WARN_64_TO_32_BIT_CONVERSION = YES;
				GCC_WARN_ABOUT_RETURN_TYPE = YES_ERROR;
				GCC_WARN_UNDECLARED_SELECTOR = YES;
				GCC_WARN_UNINITIALIZED_AUTOS = YES_AGGRESSIVE;
				GCC_WARN_UNUSED_FUNCTION = YES;
				GCC_WARN_UNUSED_VARIABLE = YES;
				IPHONEOS_DEPLOYMENT_TARGET = 9.3;
				MTL_ENABLE_DEBUG_INFO = YES;
				ONLY_ACTIVE_ARCH = YES;
				SDKROOT = iphoneos;
				TARGETED_DEVICE_FAMILY = "1,2";
			};
			name = Debug;
		};
		4EF8EB8A1CFD69A30058AE2A /* Release */ = {
			isa = XCBuildConfiguration;
			buildSettings = {
				ALWAYS_SEARCH_USER_PATHS = NO;
				CLANG_ANALYZER_NONNULL = YES;
				CLANG_CXX_LANGUAGE_STANDARD = "gnu++0x";
				CLANG_CXX_LIBRARY = "libc++";
				CLANG_ENABLE_MODULES = YES;
				CLANG_ENABLE_OBJC_ARC = YES;
				CLANG_WARN_BOOL_CONVERSION = YES;
				CLANG_WARN_CONSTANT_CONVERSION = YES;
				CLANG_WARN_DIRECT_OBJC_ISA_USAGE = YES_ERROR;
				CLANG_WARN_EMPTY_BODY = YES;
				CLANG_WARN_ENUM_CONVERSION = YES;
				CLANG_WARN_INT_CONVERSION = YES;
				CLANG_WARN_OBJC_ROOT_CLASS = YES_ERROR;
				CLANG_WARN_UNREACHABLE_CODE = YES;
				CLANG_WARN__DUPLICATE_METHOD_MATCH = YES;
				"CODE_SIGN_IDENTITY[sdk=iphoneos*]" = "iPhone Developer";
				COPY_PHASE_STRIP = NO;
				DEBUG_INFORMATION_FORMAT = "dwarf-with-dsym";
				ENABLE_NS_ASSERTIONS = NO;
				ENABLE_STRICT_OBJC_MSGSEND = YES;
				GCC_C_LANGUAGE_STANDARD = gnu99;
				GCC_NO_COMMON_BLOCKS = YES;
				GCC_WARN_64_TO_32_BIT_CONVERSION = YES;
				GCC_WARN_ABOUT_RETURN_TYPE = YES_ERROR;
				GCC_WARN_UNDECLARED_SELECTOR = YES;
				GCC_WARN_UNINITIALIZED_AUTOS = YES_AGGRESSIVE;
				GCC_WARN_UNUSED_FUNCTION = YES;
				GCC_WARN_UNUSED_VARIABLE = YES;
				IPHONEOS_DEPLOYMENT_TARGET = 9.3;
				MTL_ENABLE_DEBUG_INFO = NO;
				SDKROOT = iphoneos;
				TARGETED_DEVICE_FAMILY = "1,2";
				VALIDATE_PRODUCT = YES;
			};
			name = Release;
		};
		4EF8EB8C1CFD69A30058AE2A /* Debug */ = {
			isa = XCBuildConfiguration;
			buildSettings = {
				ASSETCATALOG_COMPILER_APPICON_NAME = AppIcon;
				INFOPLIST_FILE = KBTabbarController/Info.plist;
				LD_RUNPATH_SEARCH_PATHS = "$(inherited) @executable_path/Frameworks";
				PRODUCT_BUNDLE_IDENTIFIER = cn.kangbing.KBTabbarController;
				PRODUCT_NAME = "$(TARGET_NAME)";
			};
			name = Debug;
		};
		4EF8EB8D1CFD69A30058AE2A /* Release */ = {
			isa = XCBuildConfiguration;
			buildSettings = {
				ASSETCATALOG_COMPILER_APPICON_NAME = AppIcon;
				INFOPLIST_FILE = KBTabbarController/Info.plist;
				LD_RUNPATH_SEARCH_PATHS = "$(inherited) @executable_path/Frameworks";
				PRODUCT_BUNDLE_IDENTIFIER = cn.kangbing.KBTabbarController;
				PRODUCT_NAME = "$(TARGET_NAME)";
			};
			name = Release;
		};
/* End XCBuildConfiguration section */

/* Begin XCConfigurationList section */
		4EF8EB6F1CFD69A20058AE2A /* Build configuration list for PBXProject "KBTabbarController" */ = {
			isa = XCConfigurationList;
			buildConfigurations = (
				4EF8EB891CFD69A30058AE2A /* Debug */,
				4EF8EB8A1CFD69A30058AE2A /* Release */,
			);
			defaultConfigurationIsVisible = 0;
			defaultConfigurationName = Release;
		};
		4EF8EB8B1CFD69A30058AE2A /* Build configuration list for PBXNativeTarget "KBTabbarController" */ = {
			isa = XCConfigurationList;
			buildConfigurations = (
				4EF8EB8C1CFD69A30058AE2A /* Debug */,
				4EF8EB8D1CFD69A30058AE2A /* Release */,
			);
			defaultConfigurationIsVisible = 0;
		};
/* End XCConfigurationList section */
	};
	rootObject = 4EF8EB6C1CFD69A20058AE2A /* Project object */;
}
